// !$*UTF8*$!
{
	archiveVersion = 1;
	classes = {
	};
	objectVersion = 77;
	objects = {

/* Begin PBXBuildFile section */
		9D0BD3A92E00FB660029DBBB /* Server.swift in Sources */ = {isa = PBXBuildFile; fileRef = 9D0BD3A82E00FB610029DBBB /* Server.swift */; };
		9D0BD3B02E00FB9B0029DBBB /* Preview Assets.xcassets in Resources */ = {isa = PBXBuildFile; fileRef = 9D0BD3AA2E00FB9B0029DBBB /* Preview Assets.xcassets */; };
		9D0BD3B12E00FB9B0029DBBB /* Assets.xcassets in Resources */ = {isa = PBXBuildFile; fileRef = 9D0BD3AC2E00FB9B0029DBBB /* Assets.xcassets */; };
		9D0BD3B22E00FB9B0029DBBB /* PhotosListView.swift in Sources */ = {isa = PBXBuildFile; fileRef = 9D0BD3AD2E00FB9B0029DBBB /* PhotosListView.swift */; };
		9D0BD3B32E00FB9B0029DBBB /* PhotosListApp.swift in Sources */ = {isa = PBXBuildFile; fileRef = 9D0BD3AE2E00FB9B0029DBBB /* PhotosListApp.swift */; };
		9D0BD3B52E00FBAB0029DBBB /* PhotoMetadata.swift in Sources */ = {isa = PBXBuildFile; fileRef = 9D0BD3B42E00FBA50029DBBB /* PhotoMetadata.swift */; };
		9D0BD3B72E0100B90029DBBB /* PhotosListViewModel.swift in Sources */ = {isa = PBXBuildFile; fileRef = 9D0BD3B62E0100AF0029DBBB /* PhotosListViewModel.swift */; };
		9D0BD3B92E0106310029DBBB /* IdentifiableError.swift in Sources */ = {isa = PBXBuildFile; fileRef = 9D0BD3B82E01062D0029DBBB /* IdentifiableError.swift */; };
		9D0BD3BD2E0252280029DBBB /* PhotoDetailsView.swift in Sources */ = {isa = PBXBuildFile; fileRef = 9D0BD3BC2E0252280029DBBB /* PhotoDetailsView.swift */; };
		9D0BD3C22E0477270029DBBB /* PhotoDetailsViewModel.swift in Sources */ = {isa = PBXBuildFile; fileRef = 9D0BD3C12E04771E0029DBBB /* PhotoDetailsViewModel.swift */; };
/* End PBXBuildFile section */

/* Begin PBXFileReference section */
		9D0BD3972E00FB570029DBBB /* PhotosList.app */ = {isa = PBXFileReference; explicitFileType = wrapper.application; includeInIndex = 0; path = PhotosList.app; sourceTree = BUILT_PRODUCTS_DIR; };
		9D0BD3A82E00FB610029DBBB /* Server.swift */ = {isa = PBXFileReference; lastKnownFileType = sourcecode.swift; path = Server.swift; sourceTree = "<group>"; };
		9D0BD3AA2E00FB9B0029DBBB /* Preview Assets.xcassets */ = {isa = PBXFileReference; lastKnownFileType = folder.assetcatalog; path = "Preview Assets.xcassets"; sourceTree = "<group>"; };
		9D0BD3AC2E00FB9B0029DBBB /* Assets.xcassets */ = {isa = PBXFileReference; lastKnownFileType = folder.assetcatalog; path = Assets.xcassets; sourceTree = "<group>"; };
		9D0BD3AD2E00FB9B0029DBBB /* PhotosListView.swift */ = {isa = PBXFileReference; lastKnownFileType = sourcecode.swift; path = PhotosListView.swift; sourceTree = "<group>"; };
		9D0BD3AE2E00FB9B0029DBBB /* PhotosListApp.swift */ = {isa = PBXFileReference; lastKnownFileType = sourcecode.swift; path = PhotosListApp.swift; sourceTree = "<group>"; };
		9D0BD3B42E00FBA50029DBBB /* PhotoMetadata.swift */ = {isa = PBXFileReference; lastKnownFileType = sourcecode.swift; path = PhotoMetadata.swift; sourceTree = "<group>"; };
		9D0BD3B62E0100AF0029DBBB /* PhotosListViewModel.swift */ = {isa = PBXFileReference; lastKnownFileType = sourcecode.swift; path = PhotosListViewModel.swift; sourceTree = "<group>"; };
		9D0BD3B82E01062D0029DBBB /* IdentifiableError.swift */ = {isa = PBXFileReference; lastKnownFileType = sourcecode.swift; path = IdentifiableError.swift; sourceTree = "<group>"; };
		9D0BD3BC2E0252280029DBBB /* PhotoDetailsView.swift */ = {isa = PBXFileReference; lastKnownFileType = sourcecode.swift; path = PhotoDetailsView.swift; sourceTree = "<group>"; };
		9D0BD3C12E04771E0029DBBB /* PhotoDetailsViewModel.swift */ = {isa = PBXFileReference; lastKnownFileType = sourcecode.swift; path = PhotoDetailsViewModel.swift; sourceTree = "<group>"; };
/* End PBXFileReference section */

/* Begin PBXFrameworksBuildPhase section */
		9D0BD3942E00FB570029DBBB /* Frameworks */ = {
			isa = PBXFrameworksBuildPhase;
			buildActionMask = 2147483647;
			files = (
			);
			runOnlyForDeploymentPostprocessing = 0;
		};
/* End PBXFrameworksBuildPhase section */

/* Begin PBXGroup section */
		9D0BD38E2E00FB570029DBBB = {
			isa = PBXGroup;
			children = (
				9D0BD3AF2E00FB9B0029DBBB /* PhotosList */,
				9D0BD3982E00FB570029DBBB /* Products */,
			);
			sourceTree = "<group>";
		};
		9D0BD3982E00FB570029DBBB /* Products */ = {
			isa = PBXGroup;
			children = (
				9D0BD3972E00FB570029DBBB /* PhotosList.app */,
			);
			name = Products;
			sourceTree = "<group>";
		};
		9D0BD3AB2E00FB9B0029DBBB /* Preview Content */ = {
			isa = PBXGroup;
			children = (
				9D0BD3AA2E00FB9B0029DBBB /* Preview Assets.xcassets */,
			);
			path = "Preview Content";
			sourceTree = "<group>";
		};
		9D0BD3AF2E00FB9B0029DBBB /* PhotosList */ = {
			isa = PBXGroup;
			children = (
				9D0BD3B82E01062D0029DBBB /* IdentifiableError.swift */,
				9D0BD3A82E00FB610029DBBB /* Server.swift */,
				9D0BD3B42E00FBA50029DBBB /* PhotoMetadata.swift */,
				9D0BD3AB2E00FB9B0029DBBB /* Preview Content */,
				9D0BD3AC2E00FB9B0029DBBB /* Assets.xcassets */,
				9D0BD3AE2E00FB9B0029DBBB /* PhotosListApp.swift */,
				9D0BD3B62E0100AF0029DBBB /* PhotosListViewModel.swift */,
				9D0BD3AD2E00FB9B0029DBBB /* PhotosListView.swift */,
				9D0BD3C12E04771E0029DBBB /* PhotoDetailsViewModel.swift */,
				9D0BD3BC2E0252280029DBBB /* PhotoDetailsView.swift */,
			);
			path = PhotosList;
			sourceTree = "<group>";
		};
/* End PBXGroup section */

/* Begin PBXNativeTarget section */
		9D0BD3962E00FB570029DBBB /* PhotosList */ = {
			isa = PBXNativeTarget;
			buildConfigurationList = 9D0BD3A52E00FB590029DBBB /* Build configuration list for PBXNativeTarget "PhotosList" */;
			buildPhases = (
				9D0BD3932E00FB570029DBBB /* Sources */,
				9D0BD3942E00FB570029DBBB /* Frameworks */,
				9D0BD3952E00FB570029DBBB /* Resources */,
			);
			buildRules = (
			);
			dependencies = (
			);
			name = PhotosList;
			packageProductDependencies = (
			);
			productName = PhotosList;
			productReference = 9D0BD3972E00FB570029DBBB /* PhotosList.app */;
			productType = "com.apple.product-type.application";
		};
/* End PBXNativeTarget section */

/* Begin PBXProject section */
		9D0BD38F2E00FB570029DBBB /* Project object */ = {
			isa = PBXProject;
			attributes = {
				BuildIndependentTargetsInParallel = 1;
				LastSwiftUpdateCheck = 1620;
				LastUpgradeCheck = 1620;
				TargetAttributes = {
					9D0BD3962E00FB570029DBBB = {
						CreatedOnToolsVersion = 16.2;
					};
				};
			};
			buildConfigurationList = 9D0BD3922E00FB570029DBBB /* Build configuration list for PBXProject "PhotosList" */;
			developmentRegion = en;
			hasScannedForEncodings = 0;
			knownRegions = (
				en,
				Base,
			);
			mainGroup = 9D0BD38E2E00FB570029DBBB;
			minimizedProjectReferenceProxies = 1;
			preferredProjectObjectVersion = 77;
			productRefGroup = 9D0BD3982E00FB570029DBBB /* Products */;
			projectDirPath = "";
			projectRoot = "";
			targets = (
				9D0BD3962E00FB570029DBBB /* PhotosList */,
			);
		};
/* End PBXProject section */

/* Begin PBXResourcesBuildPhase section */
		9D0BD3952E00FB570029DBBB /* Resources */ = {
			isa = PBXResourcesBuildPhase;
			buildActionMask = 2147483647;
			files = (
				9D0BD3B02E00FB9B0029DBBB /* Preview Assets.xcassets in Resources */,
				9D0BD3B12E00FB9B0029DBBB /* Assets.xcassets in Resources */,
			);
			runOnlyForDeploymentPostprocessing = 0;
		};
/* End PBXResourcesBuildPhase section */

/* Begin PBXSourcesBuildPhase section */
		9D0BD3932E00FB570029DBBB /* Sources */ = {
			isa = PBXSourcesBuildPhase;
			buildActionMask = 2147483647;
			files = (
				9D0BD3B92E0106310029DBBB /* IdentifiableError.swift in Sources */,
				9D0BD3B22E00FB9B0029DBBB /* PhotosListView.swift in Sources */,
				9D0BD3C22E0477270029DBBB /* PhotoDetailsViewModel.swift in Sources */,
				9D0BD3B52E00FBAB0029DBBB /* PhotoMetadata.swift in Sources */,
				9D0BD3B72E0100B90029DBBB /* PhotosListViewModel.swift in Sources */,
				9D0BD3B32E00FB9B0029DBBB /* PhotosListApp.swift in Sources */,
				9D0BD3A92E00FB660029DBBB /* Server.swift in Sources */,
				9D0BD3BD2E0252280029DBBB /* PhotoDetailsView.swift in Sources */,
			);
			runOnlyForDeploymentPostprocessing = 0;
		};
/* End PBXSourcesBuildPhase section */

/* Begin XCBuildConfiguration section */
		9D0BD3A32E00FB590029DBBB /* Debug */ = {
			isa = XCBuildConfiguration;
			buildSettings = {
				ALWAYS_SEARCH_USER_PATHS = NO;
				ASSETCATALOG_COMPILER_GENERATE_SWIFT_ASSET_SYMBOL_EXTENSIONS = YES;
				CLANG_ANALYZER_NONNULL = YES;
				CLANG_ANALYZER_NUMBER_OBJECT_CONVERSION = YES_AGGRESSIVE;
				CLANG_CXX_LANGUAGE_STANDARD = "gnu++20";
				CLANG_ENABLE_MODULES = YES;
				CLANG_ENABLE_OBJC_ARC = YES;
				CLANG_ENABLE_OBJC_WEAK = YES;
				CLANG_WARN_BLOCK_CAPTURE_AUTORELEASING = YES;
				CLANG_WARN_BOOL_CONVERSION = YES;
				CLANG_WARN_COMMA = YES;
				CLANG_WARN_CONSTANT_CONVERSION = YES;
				CLANG_WARN_DEPRECATED_OBJC_IMPLEMENTATIONS = YES;
				CLANG_WARN_DIRECT_OBJC_ISA_USAGE = YES_ERROR;
				CLANG_WARN_DOCUMENTATION_COMMENTS = YES;
				CLANG_WARN_EMPTY_BODY = YES;
				CLANG_WARN_ENUM_CONVERSION = YES;
				CLANG_WARN_INFINITE_RECURSION = YES;
				CLANG_WARN_INT_CONVERSION = YES;
				CLANG_WARN_NON_LITERAL_NULL_CONVERSION = YES;
				CLANG_WARN_OBJC_IMPLICIT_RETAIN_SELF = YES;
				CLANG_WARN_OBJC_LITERAL_CONVERSION = YES;
				CLANG_WARN_OBJC_ROOT_CLASS = YES_ERROR;
				CLANG_WARN_QUOTED_INCLUDE_IN_FRAMEWORK_HEADER = YES;
				CLANG_WARN_RANGE_LOOP_ANALYSIS = YES;
				CLANG_WARN_STRICT_PROTOTYPES = YES;
				CLANG_WARN_SUSPICIOUS_MOVE = YES;
				CLANG_WARN_UNGUARDED_AVAILABILITY = YES_AGGRESSIVE;
				CLANG_WARN_UNREACHABLE_CODE = YES;
				CLANG_WARN__DUPLICATE_METHOD_MATCH = YES;
				COPY_PHASE_STRIP = NO;
				DEBUG_INFORMATION_FORMAT = dwarf;
				ENABLE_STRICT_OBJC_MSGSEND = YES;
				ENABLE_TESTABILITY = YES;
				ENABLE_USER_SCRIPT_SANDBOXING = YES;
				GCC_C_LANGUAGE_STANDARD = gnu17;
				GCC_DYNAMIC_NO_PIC = NO;
				GCC_NO_COMMON_BLOCKS = YES;
				GCC_OPTIMIZATION_LEVEL = 0;
				GCC_PREPROCESSOR_DEFINITIONS = (
					"DEBUG=1",
					"$(inherited)",
				);
				GCC_WARN_64_TO_32_BIT_CONVERSION = YES;
				GCC_WARN_ABOUT_RETURN_TYPE = YES_ERROR;
				GCC_WARN_UNDECLARED_SELECTOR = YES;
				GCC_WARN_UNINITIALIZED_AUTOS = YES_AGGRESSIVE;
				GCC_WARN_UNUSED_FUNCTION = YES;
				GCC_WARN_UNUSED_VARIABLE = YES;
				IPHONEOS_DEPLOYMENT_TARGET = 18.2;
				LOCALIZATION_PREFERS_STRING_CATALOGS = YES;
				MTL_ENABLE_DEBUG_INFO = INCLUDE_SOURCE;
				MTL_FAST_MATH = YES;
				ONLY_ACTIVE_ARCH = YES;
				SDKROOT = iphoneos;
				SWIFT_ACTIVE_COMPILATION_CONDITIONS = "DEBUG $(inherited)";
				SWIFT_OPTIMIZATION_LEVEL = "-Onone";
			};
			name = Debug;
		};
		9D0BD3A42E00FB590029DBBB /* Release */ = {
			isa = XCBuildConfiguration;
			buildSettings = {
				ALWAYS_SEARCH_USER_PATHS = NO;
				ASSETCATALOG_COMPILER_GENERATE_SWIFT_ASSET_SYMBOL_EXTENSIONS = YES;
				CLANG_ANALYZER_NONNULL = YES;
				CLANG_ANALYZER_NUMBER_OBJECT_CONVERSION = YES_AGGRESSIVE;
				CLANG_CXX_LANGUAGE_STANDARD = "gnu++20";
				CLANG_ENABLE_MODULES = YES;
				CLANG_ENABLE_OBJC_ARC = YES;
				CLANG_ENABLE_OBJC_WEAK = YES;
				CLANG_WARN_BLOCK_CAPTURE_AUTORELEASING = YES;
				CLANG_WARN_BOOL_CONVERSION = YES;
				CLANG_WARN_COMMA = YES;
				CLANG_WARN_CONSTANT_CONVERSION = YES;
				CLANG_WARN_DEPRECATED_OBJC_IMPLEMENTATIONS = YES;
				CLANG_WARN_DIRECT_OBJC_ISA_USAGE = YES_ERROR;
				CLANG_WARN_DOCUMENTATION_COMMENTS = YES;
				CLANG_WARN_EMPTY_BODY = YES;
				CLANG_WARN_ENUM_CONVERSION = YES;
				CLANG_WARN_INFINITE_RECURSION = YES;
				CLANG_WARN_INT_CONVERSION = YES;
				CLANG_WARN_NON_LITERAL_NULL_CONVERSION = YES;
				CLANG_WARN_OBJC_IMPLICIT_RETAIN_SELF = YES;
				CLANG_WARN_OBJC_LITERAL_CONVERSION = YES;
				CLANG_WARN_OBJC_ROOT_CLASS = YES_ERROR;
				CLANG_WARN_QUOTED_INCLUDE_IN_FRAMEWORK_HEADER = YES;
				CLANG_WARN_RANGE_LOOP_ANALYSIS = YES;
				CLANG_WARN_STRICT_PROTOTYPES = YES;
				CLANG_WARN_SUSPICIOUS_MOVE = YES;
				CLANG_WARN_UNGUARDED_AVAILABILITY = YES_AGGRESSIVE;
				CLANG_WARN_UNREACHABLE_CODE = YES;
				CLANG_WARN__DUPLICATE_METHOD_MATCH = YES;
				COPY_PHASE_STRIP = NO;
				DEBUG_INFORMATION_FORMAT = "dwarf-with-dsym";
				ENABLE_NS_ASSERTIONS = NO;
				ENABLE_STRICT_OBJC_MSGSEND = YES;
				ENABLE_USER_SCRIPT_SANDBOXING = YES;
				GCC_C_LANGUAGE_STANDARD = gnu17;
				GCC_NO_COMMON_BLOCKS = YES;
				GCC_WARN_64_TO_32_BIT_CONVERSION = YES;
				GCC_WARN_ABOUT_RETURN_TYPE = YES_ERROR;
				GCC_WARN_UNDECLARED_SELECTOR = YES;
				GCC_WARN_UNINITIALIZED_AUTOS = YES_AGGRESSIVE;
				GCC_WARN_UNUSED_FUNCTION = YES;
				GCC_WARN_UNUSED_VARIABLE = YES;
				IPHONEOS_DEPLOYMENT_TARGET = 18.2;
				LOCALIZATION_PREFERS_STRING_CATALOGS = YES;
				MTL_ENABLE_DEBUG_INFO = NO;
				MTL_FAST_MATH = YES;
				SDKROOT = iphoneos;
				SWIFT_COMPILATION_MODE = wholemodule;
				VALIDATE_PRODUCT = YES;
			};
			name = Release;
		};
		9D0BD3A62E00FB590029DBBB /* Debug */ = {
			isa = XCBuildConfiguration;
			buildSettings = {
				ASSETCATALOG_COMPILER_APPICON_NAME = AppIcon;
				ASSETCATALOG_COMPILER_GLOBAL_ACCENT_COLOR_NAME = AccentColor;
				CODE_SIGN_STYLE = Automatic;
				CURRENT_PROJECT_VERSION = 1;
				DEVELOPMENT_ASSET_PATHS = "\"PhotosList/Preview Content\"";
				DEVELOPMENT_TEAM = 7499ZBZAZ6;
				ENABLE_PREVIEWS = YES;
				GENERATE_INFOPLIST_FILE = YES;
				INFOPLIST_KEY_UIApplicationSceneManifest_Generation = YES;
				INFOPLIST_KEY_UIApplicationSupportsIndirectInputEvents = YES;
				INFOPLIST_KEY_UILaunchScreen_Generation = YES;
				INFOPLIST_KEY_UISupportedInterfaceOrientations_iPad = "UIInterfaceOrientationPortrait UIInterfaceOrientationPortraitUpsideDown UIInterfaceOrientationLandscapeLeft UIInterfaceOrientationLandscapeRight";
				INFOPLIST_KEY_UISupportedInterfaceOrientations_iPhone = "UIInterfaceOrientationPortrait UIInterfaceOrientationLandscapeLeft UIInterfaceOrientationLandscapeRight";
				LD_RUNPATH_SEARCH_PATHS = (
					"$(inherited)",
					"@executable_path/Frameworks",
				);
				MARKETING_VERSION = 1.0;
				PRODUCT_BUNDLE_IDENTIFIER = blackmana.PhotosList;
				PRODUCT_NAME = "$(TARGET_NAME)";
				SWIFT_EMIT_LOC_STRINGS = YES;
				SWIFT_VERSION = 5.0;
				TARGETED_DEVICE_FAMILY = "1,2";
			};
			name = Debug;
		};
		9D0BD3A72E00FB590029DBBB /* Release */ = {
			isa = XCBuildConfiguration;
			buildSettings = {
				ASSETCATALOG_COMPILER_APPICON_NAME = AppIcon;
				ASSETCATALOG_COMPILER_GLOBAL_ACCENT_COLOR_NAME = AccentColor;
				CODE_SIGN_STYLE = Automatic;
				CURRENT_PROJECT_VERSION = 1;
				DEVELOPMENT_ASSET_PATHS = "\"PhotosList/Preview Content\"";
				DEVELOPMENT_TEAM = 7499ZBZAZ6;
				ENABLE_PREVIEWS = YES;
				GENERATE_INFOPLIST_FILE = YES;
				INFOPLIST_KEY_UIApplicationSceneManifest_Generation = YES;
				INFOPLIST_KEY_UIApplicationSupportsIndirectInputEvents = YES;
				INFOPLIST_KEY_UILaunchScreen_Generation = YES;
				INFOPLIST_KEY_UISupportedInterfaceOrientations_iPad = "UIInterfaceOrientationPortrait UIInterfaceOrientationPortraitUpsideDown UIInterfaceOrientationLandscapeLeft UIInterfaceOrientationLandscapeRight";
				INFOPLIST_KEY_UISupportedInterfaceOrientations_iPhone = "UIInterfaceOrientationPortrait UIInterfaceOrientationLandscapeLeft UIInterfaceOrientationLandscapeRight";
				LD_RUNPATH_SEARCH_PATHS = (
					"$(inherited)",
					"@executable_path/Frameworks",
				);
				MARKETING_VERSION = 1.0;
				PRODUCT_BUNDLE_IDENTIFIER = blackmana.PhotosList;
				PRODUCT_NAME = "$(TARGET_NAME)";
				SWIFT_EMIT_LOC_STRINGS = YES;
				SWIFT_VERSION = 5.0;
				TARGETED_DEVICE_FAMILY = "1,2";
			};
			name = Release;
		};
/* End XCBuildConfiguration section */

/* Begin XCConfigurationList section */
		9D0BD3922E00FB570029DBBB /* Build configuration list for PBXProject "PhotosList" */ = {
			isa = XCConfigurationList;
			buildConfigurations = (
				9D0BD3A32E00FB590029DBBB /* Debug */,
				9D0BD3A42E00FB590029DBBB /* Release */,
			);
			defaultConfigurationIsVisible = 0;
			defaultConfigurationName = Release;
		};
		9D0BD3A52E00FB590029DBBB /* Build configuration list for PBXNativeTarget "PhotosList" */ = {
			isa = XCConfigurationList;
			buildConfigurations = (
				9D0BD3A62E00FB590029DBBB /* Debug */,
				9D0BD3A72E00FB590029DBBB /* Release */,
			);
			defaultConfigurationIsVisible = 0;
			defaultConfigurationName = Release;
		};
/* End XCConfigurationList section */
	};
	rootObject = 9D0BD38F2E00FB570029DBBB /* Project object */;
}
